
Microsoft Visual Studio Solution File, Format Version 12.00
# Visual Studio Version 17
VisualStudioVersion = 17.9.34728.123
MinimumVisualStudioVersion = 10.0.40219.1
Project("{FAE04EC0-301F-11D3-BF4B-00C04F79EFBC}") = "MınıETıcaret", "MınıETıcaret\MınıETıcaret.csproj", "{E554A153-852E-40E8-B446-3BCC3004B899}"
EndProject
Project("{FAE04EC0-301F-11D3-BF4B-00C04F79EFBC}") = "Domain", "Core\Domain.csproj", "{D821EC6B-EE66-42C5-85E0-4B03DB6E6BAA}"
EndProject
Project("{FAE04EC0-301F-11D3-BF4B-00C04F79EFBC}") = "Application", "Application\Application.csproj", "{EE3255B0-8DBD-4168-9325-50E1E64CBEEA}"
EndProject
Project("{FAE04EC0-301F-11D3-BF4B-00C04F79EFBC}") = "Infrastructure", "Infrastructure\Infrastructure.csproj", "{735F2599-8240-46E2-8733-9CC5D1A2A876}"
EndProject
Global
	GlobalSection(SolutionConfigurationPlatforms) = preSolution
		Debug|Any CPU = Debug|Any CPU
		Release|Any CPU = Release|Any CPU
	EndGlobalSection
	GlobalSection(ProjectConfigurationPlatforms) = postSolution
		{E554A153-852E-40E8-B446-3BCC3004B899}.Debug|Any CPU.ActiveCfg = Debug|Any CPU
		{E554A153-852E-40E8-B446-3BCC3004B899}.Debug|Any CPU.Build.0 = Debug|Any CPU
		{E554A153-852E-40E8-B446-3BCC3004B899}.Release|Any CPU.ActiveCfg = Release|Any CPU
		{E554A153-852E-40E8-B446-3BCC3004B899}.Release|Any CPU.Build.0 = Release|Any CPU
		{D821EC6B-EE66-42C5-85E0-4B03DB6E6BAA}.Debug|Any CPU.ActiveCfg = Debug|Any CPU
		{D821EC6B-EE66-42C5-85E0-4B03DB6E6BAA}.Debug|Any CPU.Build.0 = Debug|Any CPU
		{D821EC6B-EE66-42C5-85E0-4B03DB6E6BAA}.Release|Any CPU.ActiveCfg = Release|Any CPU
		{D821EC6B-EE66-42C5-85E0-4B03DB6E6BAA}.Release|Any CPU.Build.0 = Release|Any CPU
		{EE3255B0-8DBD-4168-9325-50E1E64CBEEA}.Debug|Any CPU.ActiveCfg = Debug|Any CPU
		{EE3255B0-8DBD-4168-9325-50E1E64CBEEA}.Debug|Any CPU.Build.0 = Debug|Any CPU
		{EE3255B0-8DBD-4168-9325-50E1E64CBEEA}.Release|Any CPU.ActiveCfg = Release|Any CPU
		{EE3255B0-8DBD-4168-9325-50E1E64CBEEA}.Release|Any CPU.Build.0 = Release|Any CPU
		{735F2599-8240-46E2-8733-9CC5D1A2A876}.Debug|Any CPU.ActiveCfg = Debug|Any CPU
		{735F2599-8240-46E2-8733-9CC5D1A2A876}.Debug|Any CPU.Build.0 = Debug|Any CPU
		{735F2599-8240-46E2-8733-9CC5D1A2A876}.Release|Any CPU.ActiveCfg = Release|Any CPU
		{735F2599-8240-46E2-8733-9CC5D1A2A876}.Release|Any CPU.Build.0 = Release|Any CPU
	EndGlobalSection
	GlobalSection(SolutionProperties) = preSolution
		HideSolutionNode = FALSE
	EndGlobalSection
	GlobalSection(ExtensibilityGlobals) = postSolution
		SolutionGuid = {56CF0049-0409-4511-81CB-F72C29D100DC}
	EndGlobalSection
EndGlobal
